
Microsoft Visual Studio Solution File, Format Version 12.00
Project("{FAE04EC0-301F-11D3-BF4B-00C04F79EFBC}") = "Bloc-CESI-ASP", "Bloc-CESI-ASP\Bloc-CESI-ASP.csproj", "{51521981-42B5-4C8A-898A-9FDA52D2AE1F}"
EndProject
Global
	GlobalSection(SolutionConfigurationPlatforms) = preSolution
		Debug|Any CPU = Debug|Any CPU
		Release|Any CPU = Release|Any CPU
	EndGlobalSection
	GlobalSection(ProjectConfigurationPlatforms) = postSolution
		{51521981-42B5-4C8A-898A-9FDA52D2AE1F}.Debug|Any CPU.ActiveCfg = Debug|Any CPU
		{51521981-42B5-4C8A-898A-9FDA52D2AE1F}.Debug|Any CPU.Build.0 = Debug|Any CPU
		{51521981-42B5-4C8A-898A-9FDA52D2AE1F}.Release|Any CPU.ActiveCfg = Release|Any CPU
		{51521981-42B5-4C8A-898A-9FDA52D2AE1F}.Release|Any CPU.Build.0 = Release|Any CPU
	EndGlobalSection
EndGlobal
